
Microsoft Visual Studio Solution File, Format Version 12.00
# Visual Studio Version 18
VisualStudioVersion = 18.2.11415.280
MinimumVisualStudioVersion = 10.0.40219.1
Project("{FAE04EC0-301F-11D3-BF4B-00C04F79EFBC}") = "VmGenerator", "VmGenerator\VmGenerator.csproj", "{C5072F6F-7C17-2491-9D5A-5FD0D3F892FB}"
EndProject
Project("{FAE04EC0-301F-11D3-BF4B-00C04F79EFBC}") = "VmGenerator.Sample", "VmGenerator.Sample\VmGenerator.Sample.csproj", "{9DF06A16-645E-E1B8-2499-3ABBEA4C0C5C}"
EndProject
Project("{FAE04EC0-301F-11D3-BF4B-00C04F79EFBC}") = "VmGenerator.Tests", "VmGenerator.Tests\VmGenerator.Tests.csproj", "{5A186033-9200-13C8-BD7C-364EADD49EA7}"
EndProject
Global
	GlobalSection(SolutionConfigurationPlatforms) = preSolution
		Debug|Any CPU = Debug|Any CPU
		Release|Any CPU = Release|Any CPU
	EndGlobalSection
	GlobalSection(ProjectConfigurationPlatforms) = postSolution
		{C5072F6F-7C17-2491-9D5A-5FD0D3F892FB}.Debug|Any CPU.ActiveCfg = Debug|Any CPU
		{C5072F6F-7C17-2491-9D5A-5FD0D3F892FB}.Debug|Any CPU.Build.0 = Debug|Any CPU
		{C5072F6F-7C17-2491-9D5A-5FD0D3F892FB}.Release|Any CPU.ActiveCfg = Release|Any CPU
		{C5072F6F-7C17-2491-9D5A-5FD0D3F892FB}.Release|Any CPU.Build.0 = Release|Any CPU
		{9DF06A16-645E-E1B8-2499-3ABBEA4C0C5C}.Debug|Any CPU.ActiveCfg = Debug|Any CPU
		{9DF06A16-645E-E1B8-2499-3ABBEA4C0C5C}.Debug|Any CPU.Build.0 = Debug|Any CPU
		{9DF06A16-645E-E1B8-2499-3ABBEA4C0C5C}.Release|Any CPU.ActiveCfg = Release|Any CPU
		{9DF06A16-645E-E1B8-2499-3ABBEA4C0C5C}.Release|Any CPU.Build.0 = Release|Any CPU
		{5A186033-9200-13C8-BD7C-364EADD49EA7}.Debug|Any CPU.ActiveCfg = Debug|Any CPU
		{5A186033-9200-13C8-BD7C-364EADD49EA7}.Debug|Any CPU.Build.0 = Debug|Any CPU
		{5A186033-9200-13C8-BD7C-364EADD49EA7}.Release|Any CPU.ActiveCfg = Release|Any CPU
		{5A186033-9200-13C8-BD7C-364EADD49EA7}.Release|Any CPU.Build.0 = Release|Any CPU
	EndGlobalSection
	GlobalSection(SolutionProperties) = preSolution
		HideSolutionNode = FALSE
	EndGlobalSection
	GlobalSection(ExtensibilityGlobals) = postSolution
		SolutionGuid = {866F54FC-10C9-43EA-B421-E1D8433D1965}
	EndGlobalSection
EndGlobal
